
Microsoft Visual Studio Solution File, Format Version 10.00
# Visual Studio 2008
Project("{8BC9CEB8-8B4A-11D0-8D11-00A0C91BC942}") = "VBANext PS3 VS", "VBANext PS3 VS\VBANext PS3 VS.vcproj", "{7C6350F3-8C3B-4F49-A7BE-737F1792D9D1}"
EndProject
Global
	GlobalSection(SolutionConfigurationPlatforms) = preSolution
		PS3 Debug|Win32 = PS3 Debug|Win32
		PS3 Release|Win32 = PS3 Release|Win32
	EndGlobalSection
	GlobalSection(ProjectConfigurationPlatforms) = postSolution
		{7C6350F3-8C3B-4F49-A7BE-737F1792D9D1}.PS3 Debug|Win32.ActiveCfg = PS3 Debug|Win32
		{7C6350F3-8C3B-4F49-A7BE-737F1792D9D1}.PS3 Debug|Win32.Build.0 = PS3 Debug|Win32
		{7C6350F3-8C3B-4F49-A7BE-737F1792D9D1}.PS3 Release|Win32.ActiveCfg = PS3 Release|Win32
		{7C6350F3-8C3B-4F49-A7BE-737F1792D9D1}.PS3 Release|Win32.Build.0 = PS3 Release|Win32
	EndGlobalSection
	GlobalSection(SolutionProperties) = preSolution
		HideSolutionNode = FALSE
	EndGlobalSection
EndGlobal
