<?xml version="1.0" encoding="utf-8"?>
<Project ToolsVersion="4.0" xmlns="http://schemas.microsoft.com/developer/msbuild/2003">
  <ItemGroup>
    <Filter Include="Source Files">
      <UniqueIdentifier>{4FC737F1-C7A5-4376-A066-2A32D752A2FF}</UniqueIdentifier>
      <Extensions>cpp;c;cxx;def;odl;idl;hpj;bat;asm;asmx</Extensions>
    </Filter>
    <Filter Include="Header Files">
      <UniqueIdentifier>{93995380-89BD-4b04-88EB-625FBE52EBFB}</UniqueIdentifier>
      <Extensions>h;hpp;hxx;hm;inl;inc;xsd</Extensions>
    </Filter>
    <Filter Include="Source Files\vba">
      <UniqueIdentifier>{796f674e-0021-4aa5-8cf0-2d16748b35f0}</UniqueIdentifier>
    </Filter>
    <Filter Include="Source Files\vba\common">
      <UniqueIdentifier>{e781d983-4f90-489d-ab91-097a1e8c7c2e}</UniqueIdentifier>
    </Filter>
    <Filter Include="Source Files\vba\apu">
      <UniqueIdentifier>{602d22c3-9dec-4f56-b251-7f171a1a0fa0}</UniqueIdentifier>
    </Filter>
    <Filter Include="Source Files\vba\gb">
      <UniqueIdentifier>{355ad87a-5d7d-4a5a-a1fe-2a29393d678a}</UniqueIdentifier>
    </Filter>
    <Filter Include="Source Files\vba\gba">
      <UniqueIdentifier>{8728cd4a-9e85-4bf9-a429-240fb6e91f92}</UniqueIdentifier>
    </Filter>
    <Filter Include="Source Files\vba\sdl">
      <UniqueIdentifier>{bb80f1ea-1697-4458-aa06-b17fb6da6cfc}</UniqueIdentifier>
    </Filter>
    <Filter Include="Source Files\vba\Xbox">
      <UniqueIdentifier>{5c85c2b9-155e-48b3-ad80-d9a11c48152e}</UniqueIdentifier>
    </Filter>
    <Filter Include="Source Files\vba\filters">
      <UniqueIdentifier>{ffde51d7-48e6-4c11-9cda-da69a2ac6c8f}</UniqueIdentifier>
    </Filter>
    <Filter Include="Source Files\vba\filters\hq">
      <UniqueIdentifier>{57aed2b9-08fb-403d-a1a1-bd214850b0d7}</UniqueIdentifier>
    </Filter>
    <Filter Include="Source Files\Skin">
      <UniqueIdentifier>{f927c700-1d3e-4cf1-8d7b-00602f07bbed}</UniqueIdentifier>
    </Filter>
  </ItemGroup>
  <ItemGroup>
    <None Include="ReadMe.txt" />
    <None Include="Skin\VBASkin.xui">
      <Filter>Source Files\Skin</Filter>
    </None>
  </ItemGroup>
  <ItemGroup>
    <ClInclude Include="stdafx.h">
      <Filter>Header Files</Filter>
    </ClInclude>
    <ClInclude Include="src\Xbox\Storage.h">
      <Filter>Header Files</Filter>
    </ClInclude>
    <ClInclude Include="src\Xbox\fastmath.h">
      <Filter>Header Files</Filter>
    </ClInclude>
    <ClInclude Include="src\Xbox\Favorites.h">
      <Filter>Header Files</Filter>
    </ClInclude>
    <ClInclude Include="src\Xbox\GeneralFunctions.h">
      <Filter>Header Files</Filter>
    </ClInclude>
    <ClInclude Include="src\Xbox\InGameOptions.h">
      <Filter>Header Files</Filter>
    </ClInclude>
    <ClInclude Include="src\Xbox\KernelDefines.h">
      <Filter>Header Files</Filter>
    </ClInclude>
    <ClInclude Include="src\Xbox\KernelExports.h">
      <Filter>Header Files</Filter>
    </ClInclude>
    <ClInclude Include="src\Xbox\Main.h">
      <Filter>Header Files</Filter>
    </ClInclude>
    <ClInclude Include="src\Xbox\Options.h">
      <Filter>Header Files</Filter>
    </ClInclude>
    <ClInclude Include="src\Xbox\PPCOpts.h">
      <Filter>Header Files</Filter>
    </ClInclude>
    <ClInclude Include="src\Xbox\RomList.h">
      <Filter>Header Files</Filter>
    </ClInclude>
    <ClInclude Include="src\Xbox\RomSettings.h">
      <Filter>Header Files</Filter>
    </ClInclude>
    <ClInclude Include="src\Xbox\scale2x.h">
      <Filter>Header Files</Filter>
    </ClInclude>
    <ClInclude Include="src\Xbox\Screenshot.h">
      <Filter>Header Files</Filter>
    </ClInclude>
    <ClInclude Include="src\AutoBuild.h">
      <Filter>Header Files</Filter>
    </ClInclude>
    <ClInclude Include="src\NLS.h">
      <Filter>Header Files</Filter>
    </ClInclude>
    <ClInclude Include="src\System.h">
      <Filter>Header Files</Filter>
    </ClInclude>
    <ClInclude Include="src\Util.h">
      <Filter>Header Files</Filter>
    </ClInclude>
    <ClInclude Include="src\version.h">
      <Filter>Header Files</Filter>
    </ClInclude>
    <ClInclude Include="src\common\Types.h">
      <Filter>Header Files</Filter>
    </ClInclude>
    <ClInclude Include="src\common\Array.h">
      <Filter>Header Files</Filter>
    </ClInclude>
    <ClInclude Include="src\common\memgzio.h">
      <Filter>Header Files</Filter>
    </ClInclude>
    <ClInclude Include="src\common\Patch.h">
      <Filter>Header Files</Filter>
    </ClInclude>
    <ClInclude Include="src\common\Port.h">
      <Filter>Header Files</Filter>
    </ClInclude>
    <ClInclude Include="src\common\RingBuffer.h">
      <Filter>Header Files</Filter>
    </ClInclude>
    <ClInclude Include="src\common\SoundDriver.h">
      <Filter>Header Files</Filter>
    </ClInclude>
    <ClInclude Include="src\common\SoundSDL.h">
      <Filter>Header Files</Filter>
    </ClInclude>
    <ClInclude Include="src\apu\Multi_Buffer.h">
      <Filter>Header Files</Filter>
    </ClInclude>
    <ClInclude Include="src\apu\blargg_common.h">
      <Filter>Header Files</Filter>
    </ClInclude>
    <ClInclude Include="src\apu\blargg_config.h">
      <Filter>Header Files</Filter>
    </ClInclude>
    <ClInclude Include="src\apu\blargg_source.h">
      <Filter>Header Files</Filter>
    </ClInclude>
    <ClInclude Include="src\apu\Blip_Buffer.h">
      <Filter>Header Files</Filter>
    </ClInclude>
    <ClInclude Include="src\apu\Effects_Buffer.h">
      <Filter>Header Files</Filter>
    </ClInclude>
    <ClInclude Include="src\apu\Gb_Apu1.h">
      <Filter>Header Files</Filter>
    </ClInclude>
    <ClInclude Include="src\apu\Gb_Apu.h">
      <Filter>Header Files</Filter>
    </ClInclude>
    <ClInclude Include="src\apu\Gb_Oscs.h">
      <Filter>Header Files</Filter>
    </ClInclude>
    <ClInclude Include="src\gb\gbSound.h">
      <Filter>Header Files</Filter>
    </ClInclude>
    <ClInclude Include="src\gb\gb.h">
      <Filter>Header Files</Filter>
    </ClInclude>
    <ClInclude Include="src\gb\gbCheats.h">
      <Filter>Header Files</Filter>
    </ClInclude>
    <ClInclude Include="src\gb\gbCodes.h">
      <Filter>Header Files</Filter>
    </ClInclude>
    <ClInclude Include="src\gb\gbCodesCB.h">
      <Filter>Header Files</Filter>
    </ClInclude>
    <ClInclude Include="src\gb\gbGlobals.h">
      <Filter>Header Files</Filter>
    </ClInclude>
    <ClInclude Include="src\gb\gbMemory.h">
      <Filter>Header Files</Filter>
    </ClInclude>
    <ClInclude Include="src\gb\gbPrinter.h">
      <Filter>Header Files</Filter>
    </ClInclude>
    <ClInclude Include="src\gb\gbSGB.h">
      <Filter>Header Files</Filter>
    </ClInclude>
    <ClInclude Include="src\gba\Sram.h">
      <Filter>Header Files</Filter>
    </ClInclude>
    <ClInclude Include="src\gba\agbprint.h">
      <Filter>Header Files</Filter>
    </ClInclude>
    <ClInclude Include="src\gba\armdis.h">
      <Filter>Header Files</Filter>
    </ClInclude>
    <ClInclude Include="src\gba\bios.h">
      <Filter>Header Files</Filter>
    </ClInclude>
    <ClInclude Include="src\gba\Cheats.h">
      <Filter>Header Files</Filter>
    </ClInclude>
    <ClInclude Include="src\gba\CheatSearch.h">
      <Filter>Header Files</Filter>
    </ClInclude>
    <ClInclude Include="src\gba\EEprom.h">
      <Filter>Header Files</Filter>
    </ClInclude>
    <ClInclude Include="src\gba\elf.h">
      <Filter>Header Files</Filter>
    </ClInclude>
    <ClInclude Include="src\gba\Flash.h">
      <Filter>Header Files</Filter>
    </ClInclude>
    <ClInclude Include="src\gba\GBA.h">
      <Filter>Header Files</Filter>
    </ClInclude>
    <ClInclude Include="src\gba\GBAcpu.h">
      <Filter>Header Files</Filter>
    </ClInclude>
    <ClInclude Include="src\gba\gbafilter.h">
      <Filter>Header Files</Filter>
    </ClInclude>
    <ClInclude Include="src\gba\GBAGfx.h">
      <Filter>Header Files</Filter>
    </ClInclude>
    <ClInclude Include="src\gba\GBAinline.h">
      <Filter>Header Files</Filter>
    </ClInclude>
    <ClInclude Include="src\gba\GBALink.h">
      <Filter>Header Files</Filter>
    </ClInclude>
    <ClInclude Include="src\gba\GBASockClient.h">
      <Filter>Header Files</Filter>
    </ClInclude>
    <ClInclude Include="src\gba\Globals.h">
      <Filter>Header Files</Filter>
    </ClInclude>
    <ClInclude Include="src\gba\RTC.h">
      <Filter>Header Files</Filter>
    </ClInclude>
    <ClInclude Include="src\gba\Sound.h">
      <Filter>Header Files</Filter>
    </ClInclude>
    <ClInclude Include="src\sdl\text.h">
      <Filter>Header Files</Filter>
    </ClInclude>
    <ClInclude Include="src\sdl\debugger.h">
      <Filter>Header Files</Filter>
    </ClInclude>
    <ClInclude Include="src\sdl\expr.cpp.h">
      <Filter>Header Files</Filter>
    </ClInclude>
    <ClInclude Include="src\sdl\exprNode.h">
      <Filter>Header Files</Filter>
    </ClInclude>
    <ClInclude Include="src\sdl\fakegl.h">
      <Filter>Header Files</Filter>
    </ClInclude>
    <ClInclude Include="src\sdl\filters.h">
      <Filter>Header Files</Filter>
    </ClInclude>
    <ClInclude Include="src\sdl\getopt.h">
      <Filter>Header Files</Filter>
    </ClInclude>
    <ClInclude Include="src\sdl\inputSDL.h">
      <Filter>Header Files</Filter>
    </ClInclude>
    <ClInclude Include="src\filters\hq\c\hq_shared.h">
      <Filter>Header Files</Filter>
    </ClInclude>
    <ClInclude Include="src\filters\hq\c\hq3x_pattern.h">
      <Filter>Header Files</Filter>
    </ClInclude>
    <ClInclude Include="src\filters\hq\c\hq4x_pattern.h">
      <Filter>Header Files</Filter>
    </ClInclude>
    <ClInclude Include="src\filters\hq\c\hq_base.h">
      <Filter>Header Files</Filter>
    </ClInclude>
    <ClInclude Include="src\filters\lq2x.h">
      <Filter>Header Files</Filter>
    </ClInclude>
    <ClInclude Include="src\filters\hq2x.h">
      <Filter>Header Files</Filter>
    </ClInclude>
    <ClInclude Include="src\filters\interp.h">
      <Filter>Header Files</Filter>
    </ClInclude>
  </ItemGroup>
  <ItemGroup>
    <ClCompile Include="stdafx.cpp">
      <Filter>Source Files</Filter>
    </ClCompile>
    <ClCompile Include="src\Util.cpp">
      <Filter>Source Files\vba</Filter>
    </ClCompile>
    <ClCompile Include="src\common\SoundSDL.cpp">
      <Filter>Source Files\vba\common</Filter>
    </ClCompile>
    <ClCompile Include="src\common\memgzio.c">
      <Filter>Source Files\vba\common</Filter>
    </ClCompile>
    <ClCompile Include="src\common\Patch.cpp">
      <Filter>Source Files\vba\common</Filter>
    </ClCompile>
    <ClCompile Include="src\apu\Multi_Buffer.cpp">
      <Filter>Source Files\vba\apu</Filter>
    </ClCompile>
    <ClCompile Include="src\apu\Blip_Buffer.cpp">
      <Filter>Source Files\vba\apu</Filter>
    </ClCompile>
    <ClCompile Include="src\apu\Effects_Buffer.cpp">
      <Filter>Source Files\vba\apu</Filter>
    </ClCompile>
    <ClCompile Include="src\apu\Gb_Apu.cpp">
      <Filter>Source Files\vba\apu</Filter>
    </ClCompile>
    <ClCompile Include="src\apu\Gb_Apu_State.cpp">
      <Filter>Source Files\vba\apu</Filter>
    </ClCompile>
    <ClCompile Include="src\apu\Gb_Oscs.cpp">
      <Filter>Source Files\vba\apu</Filter>
    </ClCompile>
    <ClCompile Include="src\gb\gbSound.cpp">
      <Filter>Source Files\vba\gb</Filter>
    </ClCompile>
    <ClCompile Include="src\gb\GB.cpp">
      <Filter>Source Files\vba\gb</Filter>
    </ClCompile>
    <ClCompile Include="src\gb\gbCheats.cpp">
      <Filter>Source Files\vba\gb</Filter>
    </ClCompile>
    <ClCompile Include="src\gb\gbDis.cpp">
      <Filter>Source Files\vba\gb</Filter>
    </ClCompile>
    <ClCompile Include="src\gb\gbGfx.cpp">
      <Filter>Source Files\vba\gb</Filter>
    </ClCompile>
    <ClCompile Include="src\gb\gbGlobals.cpp">
      <Filter>Source Files\vba\gb</Filter>
    </ClCompile>
    <ClCompile Include="src\gb\gbMemory.cpp">
      <Filter>Source Files\vba\gb</Filter>
    </ClCompile>
    <ClCompile Include="src\gb\gbPrinter.cpp">
      <Filter>Source Files\vba\gb</Filter>
    </ClCompile>
    <ClCompile Include="src\gb\gbSGB.cpp">
      <Filter>Source Files\vba\gb</Filter>
    </ClCompile>
    <ClCompile Include="src\gba\Sram.cpp">
      <Filter>Source Files\vba\gba</Filter>
    </ClCompile>
    <ClCompile Include="src\gba\agbprint.cpp">
      <Filter>Source Files\vba\gba</Filter>
    </ClCompile>
    <ClCompile Include="src\gba\armdis.cpp">
      <Filter>Source Files\vba\gba</Filter>
    </ClCompile>
    <ClCompile Include="src\gba\bios.cpp">
      <Filter>Source Files\vba\gba</Filter>
    </ClCompile>
    <ClCompile Include="src\gba\Cheats.cpp">
      <Filter>Source Files\vba\gba</Filter>
    </ClCompile>
    <ClCompile Include="src\gba\CheatSearch.cpp">
      <Filter>Source Files\vba\gba</Filter>
    </ClCompile>
    <ClCompile Include="src\gba\EEprom.cpp">
      <Filter>Source Files\vba\gba</Filter>
    </ClCompile>
    <ClCompile Include="src\gba\elf.cpp">
      <Filter>Source Files\vba\gba</Filter>
    </ClCompile>
    <ClCompile Include="src\gba\Flash.cpp">
      <Filter>Source Files\vba\gba</Filter>
    </ClCompile>
    <ClCompile Include="src\gba\GBA.cpp">
      <Filter>Source Files\vba\gba</Filter>
    </ClCompile>
    <ClCompile Include="src\gba\GBA-arm.cpp">
      <Filter>Source Files\vba\gba</Filter>
    </ClCompile>
    <ClCompile Include="src\gba\gbafilter.cpp">
      <Filter>Source Files\vba\gba</Filter>
    </ClCompile>
    <ClCompile Include="src\gba\GBAGfx.cpp">
      <Filter>Source Files\vba\gba</Filter>
    </ClCompile>
    <ClCompile Include="src\gba\GBA-thumb.cpp">
      <Filter>Source Files\vba\gba</Filter>
    </ClCompile>
    <ClCompile Include="src\gba\Globals.cpp">
      <Filter>Source Files\vba\gba</Filter>
    </ClCompile>
    <ClCompile Include="src\gba\Mode0.cpp">
      <Filter>Source Files\vba\gba</Filter>
    </ClCompile>
    <ClCompile Include="src\gba\Mode1.cpp">
      <Filter>Source Files\vba\gba</Filter>
    </ClCompile>
    <ClCompile Include="src\gba\Mode2.cpp">
      <Filter>Source Files\vba\gba</Filter>
    </ClCompile>
    <ClCompile Include="src\gba\Mode3.cpp">
      <Filter>Source Files\vba\gba</Filter>
    </ClCompile>
    <ClCompile Include="src\gba\Mode4.cpp">
      <Filter>Source Files\vba\gba</Filter>
    </ClCompile>
    <ClCompile Include="src\gba\Mode5.cpp">
      <Filter>Source Files\vba\gba</Filter>
    </ClCompile>
    <ClCompile Include="src\gba\remote.cpp">
      <Filter>Source Files\vba\gba</Filter>
    </ClCompile>
    <ClCompile Include="src\gba\RTC.cpp">
      <Filter>Source Files\vba\gba</Filter>
    </ClCompile>
    <ClCompile Include="src\gba\Sound.cpp">
      <Filter>Source Files\vba\gba</Filter>
    </ClCompile>
    <ClCompile Include="src\sdl\filters.cpp">
      <Filter>Source Files\vba\sdl</Filter>
    </ClCompile>
    <ClCompile Include="src\sdl\inputSDL.cpp">
      <Filter>Source Files\vba\sdl</Filter>
    </ClCompile>
    <ClCompile Include="src\sdl\SDL.cpp">
      <Filter>Source Files\vba\sdl</Filter>
    </ClCompile>
    <ClCompile Include="src\Xbox\Storage.cpp">
      <Filter>Source Files\vba\Xbox</Filter>
    </ClCompile>
    <ClCompile Include="src\Xbox\Favorites.cpp">
      <Filter>Source Files\vba\Xbox</Filter>
    </ClCompile>
    <ClCompile Include="src\Xbox\GeneralFunctions.cpp">
      <Filter>Source Files\vba\Xbox</Filter>
    </ClCompile>
    <ClCompile Include="src\Xbox\InGameOptions.cpp">
      <Filter>Source Files\vba\Xbox</Filter>
    </ClCompile>
    <ClCompile Include="src\Xbox\Main.cpp">
      <Filter>Source Files\vba\Xbox</Filter>
    </ClCompile>
    <ClCompile Include="src\Xbox\RomList.cpp">
      <Filter>Source Files\vba\Xbox</Filter>
    </ClCompile>
    <ClCompile Include="src\Xbox\RomSettings.cpp">
      <Filter>Source Files\vba\Xbox</Filter>
    </ClCompile>
    <ClCompile Include="src\Xbox\scale2x.cpp">
      <Filter>Source Files\vba\Xbox</Filter>
    </ClCompile>
    <ClCompile Include="src\Xbox\Screenshot.cpp">
      <Filter>Source Files\vba\Xbox</Filter>
    </ClCompile>
    <ClCompile Include="src\filters\simpleFilter.cpp">
      <Filter>Source Files\vba\filters</Filter>
    </ClCompile>
    <ClCompile Include="src\filters\2xSaI.cpp">
      <Filter>Source Files\vba\filters</Filter>
    </ClCompile>
    <ClCompile Include="src\filters\admame.cpp">
      <Filter>Source Files\vba\filters</Filter>
    </ClCompile>
    <ClCompile Include="src\filters\bilinear.cpp">
      <Filter>Source Files\vba\filters</Filter>
    </ClCompile>
    <ClCompile Include="src\filters\hq2x.cpp">
      <Filter>Source Files\vba\filters</Filter>
    </ClCompile>
    <ClCompile Include="src\filters\interframe.cpp">
      <Filter>Source Files\vba\filters</Filter>
    </ClCompile>
    <ClCompile Include="src\filters\pixel.cpp">
      <Filter>Source Files\vba\filters</Filter>
    </ClCompile>
    <ClCompile Include="src\filters\scanline.cpp">
      <Filter>Source Files\vba\filters</Filter>
    </ClCompile>
    <ClCompile Include="src\filters\hq\c\hq_implementation.cpp">
      <Filter>Source Files\vba\filters\hq</Filter>
    </ClCompile>
    <ClCompile Include="src\sdl\gl_fakegl.c">
      <Filter>Source Files\vba\sdl</Filter>
    </ClCompile>
  </ItemGroup>
</Project>