<?xml version="1.0" encoding="utf-8"?>
<Project ToolsVersion="4.0" xmlns="http://schemas.microsoft.com/developer/msbuild/2003">
  <ItemGroup>
    <Filter Include="Source Files">
      <UniqueIdentifier>{4FC737F1-C7A5-4376-A066-2A32D752A2FF}</UniqueIdentifier>
      <Extensions>cpp;c;cxx;def;odl;idl;hpj;bat;asm;asmx</Extensions>
    </Filter>
    <Filter Include="Header Files">
      <UniqueIdentifier>{93995380-89BD-4b04-88EB-625FBE52EBFB}</UniqueIdentifier>
      <Extensions>h;hpp;hxx;hm;inl;inc;xsd</Extensions>
    </Filter>
    <Filter Include="Source Files\7z_C">
      <UniqueIdentifier>{076ef300-e828-4804-97ab-3a1c83476e0f}</UniqueIdentifier>
    </Filter>
  </ItemGroup>
  <ItemGroup>
    <None Include="ReadMe.txt" />
  </ItemGroup>
  <ItemGroup>
    <ClCompile Include="fex\Zlib_Inflater.cpp">
      <Filter>Source Files</Filter>
    </ClCompile>
    <ClCompile Include="fex\Binary_Extractor.cpp">
      <Filter>Source Files</Filter>
    </ClCompile>
    <ClCompile Include="fex\blargg_common.cpp">
      <Filter>Source Files</Filter>
    </ClCompile>
    <ClCompile Include="fex\blargg_errors.cpp">
      <Filter>Source Files</Filter>
    </ClCompile>
    <ClCompile Include="fex\Data_Reader.cpp">
      <Filter>Source Files</Filter>
    </ClCompile>
    <ClCompile Include="fex\fex.cpp">
      <Filter>Source Files</Filter>
    </ClCompile>
    <ClCompile Include="fex\File_Extractor.cpp">
      <Filter>Source Files</Filter>
    </ClCompile>
    <ClCompile Include="fex\Gzip_Extractor.cpp">
      <Filter>Source Files</Filter>
    </ClCompile>
    <ClCompile Include="fex\Gzip_Reader.cpp">
      <Filter>Source Files</Filter>
    </ClCompile>
    <ClCompile Include="fex\Rar_Extractor.cpp">
      <Filter>Source Files</Filter>
    </ClCompile>
    <ClCompile Include="fex\Zip7_Extractor.cpp">
      <Filter>Source Files</Filter>
    </ClCompile>
    <ClCompile Include="fex\Zip_Extractor.cpp">
      <Filter>Source Files</Filter>
    </ClCompile>
    <ClCompile Include="7z_C\LzmaDec.c">
      <Filter>Source Files\7z_C</Filter>
    </ClCompile>
    <ClCompile Include="7z_C\7zAlloc.c">
      <Filter>Source Files\7z_C</Filter>
    </ClCompile>
    <ClCompile Include="7z_C\7zBuf.c">
      <Filter>Source Files\7z_C</Filter>
    </ClCompile>
    <ClCompile Include="7z_C\7zCrc.c">
      <Filter>Source Files\7z_C</Filter>
    </ClCompile>
    <ClCompile Include="7z_C\7zDecode.c">
      <Filter>Source Files\7z_C</Filter>
    </ClCompile>
    <ClCompile Include="7z_C\7zExtract.c">
      <Filter>Source Files\7z_C</Filter>
    </ClCompile>
    <ClCompile Include="7z_C\7zHeader.c">
      <Filter>Source Files\7z_C</Filter>
    </ClCompile>
    <ClCompile Include="7z_C\7zIn.c">
      <Filter>Source Files\7z_C</Filter>
    </ClCompile>
    <ClCompile Include="7z_C\7zItem.c">
      <Filter>Source Files\7z_C</Filter>
    </ClCompile>
    <ClCompile Include="7z_C\7zStream.c">
      <Filter>Source Files\7z_C</Filter>
    </ClCompile>
    <ClCompile Include="7z_C\Bcj2.c">
      <Filter>Source Files\7z_C</Filter>
    </ClCompile>
    <ClCompile Include="7z_C\Bra86.c">
      <Filter>Source Files\7z_C</Filter>
    </ClCompile>
  </ItemGroup>
  <ItemGroup>
    <ClInclude Include="7z_C\Types.h">
      <Filter>Header Files</Filter>
    </ClInclude>
    <ClInclude Include="7z_C\7zAlloc.h">
      <Filter>Header Files</Filter>
    </ClInclude>
    <ClInclude Include="7z_C\7zBuf.h">
      <Filter>Header Files</Filter>
    </ClInclude>
    <ClInclude Include="7z_C\7zCrc.h">
      <Filter>Header Files</Filter>
    </ClInclude>
    <ClInclude Include="7z_C\7zDecode.h">
      <Filter>Header Files</Filter>
    </ClInclude>
    <ClInclude Include="7z_C\7zExtract.h">
      <Filter>Header Files</Filter>
    </ClInclude>
    <ClInclude Include="7z_C\7zHeader.h">
      <Filter>Header Files</Filter>
    </ClInclude>
    <ClInclude Include="7z_C\7zIn.h">
      <Filter>Header Files</Filter>
    </ClInclude>
    <ClInclude Include="7z_C\7zItem.h">
      <Filter>Header Files</Filter>
    </ClInclude>
    <ClInclude Include="7z_C\Bcj2.h">
      <Filter>Header Files</Filter>
    </ClInclude>
    <ClInclude Include="7z_C\Bra.h">
      <Filter>Header Files</Filter>
    </ClInclude>
    <ClInclude Include="7z_C\CpuArch.h">
      <Filter>Header Files</Filter>
    </ClInclude>
    <ClInclude Include="7z_C\LzmaDec.h">
      <Filter>Header Files</Filter>
    </ClInclude>
  </ItemGroup>
</Project>